
Microsoft Visual Studio Solution File, Format Version 12.00
# Visual Studio Version 17
VisualStudioVersion = 17.3.32825.248
MinimumVisualStudioVersion = 10.0.40219.1
Project("{FAE04EC0-301F-11D3-BF4B-00C04F79EFBC}") = "Example1", "Example1\Example1.csproj", "{3DC829FB-444C-43FB-9ED7-EE30B4EB81A7}"
EndProject
Project("{FAE04EC0-301F-11D3-BF4B-00C04F79EFBC}") = "Example3", "Example3\Example3.csproj", "{6CAE284A-B094-4EEF-8696-6C63E125E7FA}"
EndProject
Project("{FAE04EC0-301F-11D3-BF4B-00C04F79EFBC}") = "Example2", "Example2\Example2.csproj", "{CE481324-5B9D-4AAF-AFA9-3BBD715053B7}"
EndProject
Project("{FAE04EC0-301F-11D3-BF4B-00C04F79EFBC}") = "Example4", "Example4\Example4.csproj", "{0430CA45-3642-491F-B166-D45ABB16F143}"
EndProject
Global
	GlobalSection(SolutionConfigurationPlatforms) = preSolution
		Debug|Any CPU = Debug|Any CPU
		Release|Any CPU = Release|Any CPU
	EndGlobalSection
	GlobalSection(ProjectConfigurationPlatforms) = postSolution
		{3DC829FB-444C-43FB-9ED7-EE30B4EB81A7}.Debug|Any CPU.ActiveCfg = Debug|Any CPU
		{3DC829FB-444C-43FB-9ED7-EE30B4EB81A7}.Debug|Any CPU.Build.0 = Debug|Any CPU
		{3DC829FB-444C-43FB-9ED7-EE30B4EB81A7}.Release|Any CPU.ActiveCfg = Release|Any CPU
		{3DC829FB-444C-43FB-9ED7-EE30B4EB81A7}.Release|Any CPU.Build.0 = Release|Any CPU
		{6CAE284A-B094-4EEF-8696-6C63E125E7FA}.Debug|Any CPU.ActiveCfg = Debug|Any CPU
		{6CAE284A-B094-4EEF-8696-6C63E125E7FA}.Debug|Any CPU.Build.0 = Debug|Any CPU
		{6CAE284A-B094-4EEF-8696-6C63E125E7FA}.Release|Any CPU.ActiveCfg = Release|Any CPU
		{6CAE284A-B094-4EEF-8696-6C63E125E7FA}.Release|Any CPU.Build.0 = Release|Any CPU
		{CE481324-5B9D-4AAF-AFA9-3BBD715053B7}.Debug|Any CPU.ActiveCfg = Debug|Any CPU
		{CE481324-5B9D-4AAF-AFA9-3BBD715053B7}.Debug|Any CPU.Build.0 = Debug|Any CPU
		{CE481324-5B9D-4AAF-AFA9-3BBD715053B7}.Release|Any CPU.ActiveCfg = Release|Any CPU
		{CE481324-5B9D-4AAF-AFA9-3BBD715053B7}.Release|Any CPU.Build.0 = Release|Any CPU
		{0430CA45-3642-491F-B166-D45ABB16F143}.Debug|Any CPU.ActiveCfg = Debug|Any CPU
		{0430CA45-3642-491F-B166-D45ABB16F143}.Debug|Any CPU.Build.0 = Debug|Any CPU
		{0430CA45-3642-491F-B166-D45ABB16F143}.Release|Any CPU.ActiveCfg = Release|Any CPU
		{0430CA45-3642-491F-B166-D45ABB16F143}.Release|Any CPU.Build.0 = Release|Any CPU
	EndGlobalSection
	GlobalSection(SolutionProperties) = preSolution
		HideSolutionNode = FALSE
	EndGlobalSection
	GlobalSection(ExtensibilityGlobals) = postSolution
		SolutionGuid = {E8BB5C1B-73C8-498D-A873-9032D2E31235}
	EndGlobalSection
EndGlobal
